
Microsoft Visual Studio Solution File, Format Version 12.00
# Visual Studio Version 16
VisualStudioVersion = 16.0.29201.188
MinimumVisualStudioVersion = 10.0.40219.1
Project("{FAE04EC0-301F-11D3-BF4B-00C04F79EFBC}") = "Homework2", "Homework2.csproj", "{DAE2072B-15FF-4DE8-9FF3-C2C3B2ED4326}"
EndProject
Global
	GlobalSection(SolutionConfigurationPlatforms) = preSolution
		Debug|Any CPU = Debug|Any CPU
		Release|Any CPU = Release|Any CPU
	EndGlobalSection
	GlobalSection(ProjectConfigurationPlatforms) = postSolution
		{DAE2072B-15FF-4DE8-9FF3-C2C3B2ED4326}.Debug|Any CPU.ActiveCfg = Debug|Any CPU
		{DAE2072B-15FF-4DE8-9FF3-C2C3B2ED4326}.Debug|Any CPU.Build.0 = Debug|Any CPU
		{DAE2072B-15FF-4DE8-9FF3-C2C3B2ED4326}.Release|Any CPU.ActiveCfg = Release|Any CPU
		{DAE2072B-15FF-4DE8-9FF3-C2C3B2ED4326}.Release|Any CPU.Build.0 = Release|Any CPU
	EndGlobalSection
	GlobalSection(SolutionProperties) = preSolution
		HideSolutionNode = FALSE
	EndGlobalSection
	GlobalSection(ExtensibilityGlobals) = postSolution
		SolutionGuid = {FB83C609-2552-4F6E-8E24-ED8CE866B35C}
	EndGlobalSection
EndGlobal
